version: 6
environments:
  default:
    channels:
    - url: https://conda.anaconda.org/conda-forge/
    options:
      pypi-prerelease-mode: if-necessary-or-explicit
    packages:
      linux-64:
      - conda: https://conda.anaconda.org/conda-forge/linux-64/_openmp_mutex-4.5-20_gnu.conda
      - conda: https://conda.anaconda.org/conda-forge/noarch/ca-certificates-2026.7.22-hbd8a1cb_0.conda
      - conda: https://conda.anaconda.org/conda-forge/linux-64/clang-format-23-23.1.0-default_h0acdd01_1.conda
      - conda: https://conda.anaconda.org/conda-forge/linux-64/clang-format-23.1.0-default_hcd25269_1.conda
      - conda: https://conda.anaconda.org/conda-forge/linux-64/icu-78.3-py310h44b86e0_2.conda
      - conda: https://conda.anaconda.org/conda-forge/linux-64/libclang-cpp23.1-23.1.0-default_h0acdd01_1.conda
      - conda: https://conda.anaconda.org/conda-forge/linux-64/libgcc-16.2.0-ha9f2e26_4.conda
      - conda: https://conda.anaconda.org/conda-forge/linux-64/libgomp-16.2.0-he0feb66_4.conda
      - conda: https://conda.anaconda.org/conda-forge/linux-64/libiconv-1.18-h0cb94f2_3.conda
      - conda: https://conda.anaconda.org/conda-forge/linux-64/libllvm23-23.1.0-h474f4eb_0.conda
      - conda: https://conda.anaconda.org/conda-forge/linux-64/liblzma-5.8.3-hb03c661_1.conda
      - conda: https://conda.anaconda.org/conda-forge/linux-64/libstdcxx-16.2.0-h934c35e_4.conda
      - conda: https://conda.anaconda.org/conda-forge/linux-64/libuv-1.52.1-h280c20c_1.conda
      - conda: https://conda.anaconda.org/conda-forge/linux-64/libxml2-16-2.15.3-hca6bf5a_1.conda
      - conda: https://conda.anaconda.org/conda-forge/linux-64/libxml2-2.15.3-h49c6c72_1.conda
      - conda: https://conda.anaconda.org/conda-forge/linux-64/libzlib-1.3.2-h25fd6f3_3.conda
      - conda: https://conda.anaconda.org/conda-forge/linux-64/nodejs-22.23.2-h273caaf_0.conda
      - conda: https://conda.anaconda.org/conda-forge/linux-64/openssl-3.6.4-h781a0a9_0.conda
      - conda: https://conda.anaconda.org/conda-forge/linux-64/zstd-1.5.7-hb78ec9c_7.conda
      linux-aarch64:
      - conda: https://conda.anaconda.org/conda-forge/linux-aarch64/_openmp_mutex-4.5-20_gnu.conda
      - conda: https://conda.anaconda.org/conda-forge/noarch/ca-certificates-2026.7.22-hbd8a1cb_0.conda
      - conda: https://conda.anaconda.org/conda-forge/linux-aarch64/clang-format-23-23.1.0-default_h01b09c7_1.conda
      - conda: https://conda.anaconda.org/conda-forge/linux-aarch64/clang-format-23.1.0-default_h6c96b21_1.conda
      - conda: https://conda.anaconda.org/conda-forge/linux-aarch64/icu-78.3-py311h3512406_2.conda
      - conda: https://conda.anaconda.org/conda-forge/linux-aarch64/libclang-cpp23.1-23.1.0-default_h01b09c7_1.conda
      - conda: https://conda.anaconda.org/conda-forge/linux-aarch64/libgcc-16.2.0-h205dda4_4.conda
      - conda: https://conda.anaconda.org/conda-forge/linux-aarch64/libgomp-16.2.0-h8acb6b2_4.conda
      - conda: https://conda.anaconda.org/conda-forge/linux-aarch64/libiconv-1.18-h1ea5142_3.conda
      - conda: https://conda.anaconda.org/conda-forge/linux-aarch64/libllvm23-23.1.0-h680871c_0.conda
      - conda: https://conda.anaconda.org/conda-forge/linux-aarch64/liblzma-5.8.3-he30d5cf_1.conda
      - conda: https://conda.anaconda.org/conda-forge/linux-aarch64/libstdcxx-16.2.0-hef695bb_4.conda
      - conda: https://conda.anaconda.org/conda-forge/linux-aarch64/libuv-1.52.1-h80f16a2_1.conda
      - conda: https://conda.anaconda.org/conda-forge/linux-aarch64/libxml2-16-2.15.3-h79dcc73_1.conda
      - conda: https://conda.anaconda.org/conda-forge/linux-aarch64/libxml2-2.15.3-h869d058_1.conda
      - conda: https://conda.anaconda.org/conda-forge/linux-aarch64/libzlib-1.3.2-hdc9db2a_3.conda
      - conda: https://conda.anaconda.org/conda-forge/linux-aarch64/nodejs-22.23.2-h908ce8d_0.conda
      - conda: https://conda.anaconda.org/conda-forge/linux-aarch64/openssl-3.6.4-he6ad1d5_0.conda
      - conda: https://conda.anaconda.org/conda-forge/linux-aarch64/zstd-1.5.7-h9d15635_7.conda
      osx-64:
      - conda: https://conda.anaconda.org/conda-forge/noarch/ca-certificates-2026.7.22-hbd8a1cb_0.conda
      - conda: https://conda.anaconda.org/conda-forge/osx-64/clang-format-23-23.1.0-default_h6e863b9_1.conda
      - conda: https://conda.anaconda.org/conda-forge/osx-64/clang-format-23.1.0-default_h13fa537_1.conda
      - conda: https://conda.anaconda.org/conda-forge/osx-64/icu-78.3-py313hbf1d544_2.conda
      - conda: https://conda.anaconda.org/conda-forge/osx-64/libclang-cpp23.1-23.1.0-default_h6e863b9_1.conda
      - conda: https://conda.anaconda.org/conda-forge/osx-64/libcxx-23.1.0-h19cb2f5_0.conda
      - conda: https://conda.anaconda.org/conda-forge/osx-64/libiconv-1.18-h4ae439b_3.conda
      - conda: https://conda.anaconda.org/conda-forge/osx-64/libllvm23-23.1.0-hd11396f_0.conda
      - conda: https://conda.anaconda.org/conda-forge/osx-64/liblzma-5.8.3-hbb4bfdb_1.conda
      - conda: https://conda.anaconda.org/conda-forge/osx-64/libuv-1.52.1-ha3d0635_1.conda
      - conda: https://conda.anaconda.org/conda-forge/osx-64/libxml2-16-2.15.3-h7a90416_1.conda
      - conda: https://conda.anaconda.org/conda-forge/osx-64/libxml2-2.15.3-h953d39d_1.conda
      - conda: https://conda.anaconda.org/conda-forge/osx-64/libzlib-1.3.2-hbb4bfdb_3.conda
      - conda: https://conda.anaconda.org/conda-forge/osx-64/nodejs-22.23.2-hf078ca1_0.conda
      - conda: https://conda.anaconda.org/conda-forge/osx-64/openssl-3.6.4-h332eb6d_0.conda
      - conda: https://conda.anaconda.org/conda-forge/osx-64/zstd-1.5.7-hbc1a06c_7.conda
packages:
- conda: https://conda.anaconda.org/conda-forge/linux-64/_openmp_mutex-4.5-20_gnu.conda
  build_number: 20
  sha256: 1dd3fffd892081df9726d7eb7e0dea6198962ba775bd88842135a4ddb4deb3c9
  md5: a9f577daf3de00bca7c3c76c0ecbd1de
  depends:
  - __glibc >=2.17,<3.0.a0
  - libgomp >=7.5.0
  constrains:
  - openmp_impl <0.0a0
  license: BSD-3-Clause
  license_family: BSD
  size: 28948
  timestamp: 1770939786096
- conda: https://conda.anaconda.org/conda-forge/linux-aarch64/_openmp_mutex-4.5-20_gnu.conda
  build_number: 20
  sha256: a2527b1d81792a0ccd2c05850960df119c2b6d8f5fdec97f2db7d25dc23b1068
  md5: 468fd3bb9e1f671d36c2cbc677e56f1d
  depends:
  - libgomp >=7.5.0
  constrains:
  - openmp_impl <0.0a0
  license: BSD-3-Clause
  license_family: BSD
  size: 28926
  timestamp: 1770939656741
- conda: https://conda.anaconda.org/conda-forge/noarch/ca-certificates-2026.7.22-hbd8a1cb_0.conda
  sha256: 0a0544cf95f64394fe4959286f5c71f5444ad58feb0602e53becb27448d24da6
  md5: 0f51e2391ade309db462a55611263e9c
  depends:
  - __unix
  license: ISC
  size: 131780
  timestamp: 1784754889428
- conda: https://conda.anaconda.org/conda-forge/linux-64/clang-format-23.1.0-default_hcd25269_1.conda
  sha256: 03018bc89138b71e536b3ee5b0793eb395e7dde2abbf902c4f7b245b37000590
  md5: baeb4900f00a7470ed297e0cd5cfd62c
  depends:
  - libclang-cpp23.1 >=23.1.0,<23.2.0a0
  - clang-format-23 ==23.1.0 default_h0acdd01_1
  - __glibc >=2.17,<3.0.a0
  - libstdcxx >=15
  - libgcc >=15
  - libxml2
  - libxml2-16 >=2.15.3
  - zstd >=1.5.7,<1.6.0a0
  - libzlib >=1.3.2,<2.0a0
  license: Apache-2.0 WITH LLVM-exception
  license_family: APACHE
  size: 33753
  timestamp: 1788037800581
- conda: https://conda.anaconda.org/conda-forge/linux-aarch64/clang-format-23.1.0-default_h6c96b21_1.conda
  sha256: a236d6d43cda7d0580d72f882d5a1ccdbfb71e1e1bec89ed513c394281f3b61d
  md5: aca79e268dabdbf77eb42840617166f6
  depends:
  - libclang-cpp23.1 >=23.1.0,<23.2.0a0
  - clang-format-23 ==23.1.0 default_h01b09c7_1
  - libstdcxx >=15
  - libgcc >=15
  - libzlib >=1.3.2,<2.0a0
  - zstd >=1.5.7,<1.6.0a0
  - libxml2
  - libxml2-16 >=2.15.3
  license: Apache-2.0 WITH LLVM-exception
  license_family: APACHE
  size: 33506
  timestamp: 1788037707215
- conda: https://conda.anaconda.org/conda-forge/osx-64/clang-format-23.1.0-default_h13fa537_1.conda
  sha256: 385c4ad736fb69adbdc4484502751676d3286fc0e7b463799b1554f68558a420
  md5: 63dfe8b8b131185b762f88e0a88d09d8
  depends:
  - libclang-cpp23.1 >=23.1.0,<23.2.0a0
  - clang-format-23 ==23.1.0 default_h6e863b9_1
  - libcxx >=23.1.0
  - __osx >=11.0
  - zstd >=1.5.7,<1.6.0a0
  - libxml2
  - libxml2-16 >=2.15.3
  - libzlib >=1.3.2,<2.0a0
  license: Apache-2.0 WITH LLVM-exception
  license_family: APACHE
  size: 31882
  timestamp: 1788037748188
- conda: https://conda.anaconda.org/conda-forge/linux-64/clang-format-23-23.1.0-default_h0acdd01_1.conda
  sha256: daefff78c52a5a51241c9f34ea0b645f2532de75d925eb987b671ff8d7acca15
  md5: ce1c496a9732c0382c24e01e054372a4
  depends:
  - libclang-cpp23.1 >=23.1.0,<23.2.0a0
  - __glibc >=2.17,<3.0.a0
  - libstdcxx >=15
  - libgcc >=15
  - libxml2
  - libxml2-16 >=2.15.3
  - zstd >=1.5.7,<1.6.0a0
  - libzlib >=1.3.2,<2.0a0
  - libllvm23 >=23.1.0,<23.2.0a0
  license: Apache-2.0 WITH LLVM-exception
  license_family: APACHE
  size: 74065
  timestamp: 1788037800581
- conda: https://conda.anaconda.org/conda-forge/linux-aarch64/clang-format-23-23.1.0-default_h01b09c7_1.conda
  sha256: 95711c2983c9d7a95c86bf4ebf9e7e43741b31c622fc691aeabbc4345004f324
  md5: be5ba168c5bfad8a3968cbbb283a805b
  depends:
  - libclang-cpp23.1 >=23.1.0,<23.2.0a0
  - libstdcxx >=15
  - libgcc >=15
  - libzlib >=1.3.2,<2.0a0
  - zstd >=1.5.7,<1.6.0a0
  - libxml2
  - libxml2-16 >=2.15.3
  - libllvm23 >=23.1.0,<23.2.0a0
  license: Apache-2.0 WITH LLVM-exception
  license_family: APACHE
  size: 74660
  timestamp: 1788037707215
- conda: https://conda.anaconda.org/conda-forge/osx-64/clang-format-23-23.1.0-default_h6e863b9_1.conda
  sha256: 13a5482adda1f23f2dada9b40a6522ddb76b89b618216d76d8cc032a377784bb
  md5: 3cc2877ed415cdb68772d4f402ac697a
  depends:
  - libclang-cpp23.1 >=23.1.0,<23.2.0a0
  - libcxx >=23.1.0
  - __osx >=11.0
  - zstd >=1.5.7,<1.6.0a0
  - libxml2
  - libxml2-16 >=2.15.3
  - libzlib >=1.3.2,<2.0a0
  - libllvm23 >=23.1.0,<23.2.0a0
  license: Apache-2.0 WITH LLVM-exception
  license_family: APACHE
  size: 69420
  timestamp: 1788037748188
- conda: https://conda.anaconda.org/conda-forge/linux-64/icu-78.3-py310h44b86e0_2.conda
  sha256: 9f07834f0c546ab14d885ce0366285f61f44e326c0edd1fc63b8294e113ae432
  md5: 72a381cbad04f24b1c2a43ef707f45b4
  depends:
  - __glibc >=2.17,<3.0.a0
  - libstdcxx >=14
  - libgcc >=14
  license: MIT
  license_family: MIT
  size: 14459115
  timestamp: 1786545741408
- conda: https://conda.anaconda.org/conda-forge/linux-aarch64/icu-78.3-py311h3512406_2.conda
  sha256: 54d921defd947adb58a90e10203d3bfe6c1f209f5f1a1ad2c6a9f7617f2fb59e
  md5: b35bbb1b957440ed742f35fb96eb7f1c
  depends:
  - libgcc >=14
  - libstdcxx >=14
  license: MIT
  license_family: MIT
  size: 14688525
  timestamp: 1786545779464
- conda: https://conda.anaconda.org/conda-forge/osx-64/icu-78.3-py313hbf1d544_2.conda
  sha256: 3abd86f3441f143b6b3203c92ae0d88dd8396a8857940af468f1fab854cdae57
  md5: f13f4740c18b562bf2662d494bad6099
  depends:
  - __osx >=11.0
  license: MIT
  license_family: MIT
  size: 14223209
  timestamp: 1786545868538
- conda: https://conda.anaconda.org/conda-forge/linux-64/libclang-cpp23.1-23.1.0-default_h0acdd01_1.conda
  sha256: ff0507777b9d5ff5678466516d2f1793361ecef541114fb6f3cabb91fc7d5b3c
  md5: d3ba2947f7d7cdd7c4eb73b206de330b
  depends:
  - __glibc >=2.17,<3.0.a0
  - libstdcxx >=15
  - libgcc >=15
  - libxml2
  - libxml2-16 >=2.15.3
  - zstd >=1.5.7,<1.6.0a0
  - libzlib >=1.3.2,<2.0a0
  - libllvm23 >=23.1.0,<23.2.0a0
  license: Apache-2.0 WITH LLVM-exception
  license_family: APACHE
  size: 25353391
  timestamp: 1788037800581
- conda: https://conda.anaconda.org/conda-forge/linux-aarch64/libclang-cpp23.1-23.1.0-default_h01b09c7_1.conda
  sha256: 21f4918d29301a0e3449b1c18c2683246e9e4fe27bbe239c79ce3628cff8681e
  md5: 56f6878b64c009ce070e3c730b1593ca
  depends:
  - libstdcxx >=15
  - libgcc >=15
  - libzlib >=1.3.2,<2.0a0
  - zstd >=1.5.7,<1.6.0a0
  - libxml2
  - libxml2-16 >=2.15.3
  - libllvm23 >=23.1.0,<23.2.0a0
  license: Apache-2.0 WITH LLVM-exception
  license_family: APACHE
  size: 25741859
  timestamp: 1788037707215
- conda: https://conda.anaconda.org/conda-forge/osx-64/libclang-cpp23.1-23.1.0-default_h6e863b9_1.conda
  sha256: 03b2783996d6977e3c69c0338f1c45d1e4084c8046087b7258728de8bf279e88
  md5: ebd846b462b7db53c9eda061fc7a92a8
  depends:
  - libcxx >=23.1.0
  - __osx >=11.0
  - zstd >=1.5.7,<1.6.0a0
  - libxml2
  - libxml2-16 >=2.15.3
  - libzlib >=1.3.2,<2.0a0
  - libllvm23 >=23.1.0,<23.2.0a0
  license: Apache-2.0 WITH LLVM-exception
  license_family: APACHE
  size: 17899906
  timestamp: 1788037748188
- conda: https://conda.anaconda.org/conda-forge/osx-64/libcxx-23.1.0-h19cb2f5_0.conda
  sha256: da5b60cbdaf8d931e2534f3b17a0d9b5432ebc855509d36618d61a61f1f2909d
  md5: 925382e3a8a530f862be5be3b3aaf68b
  depends:
  - __osx >=11.0
  license: Apache-2.0 WITH LLVM-exception
  license_family: Apache
  size: 576296
  timestamp: 1787699413070
- conda: https://conda.anaconda.org/conda-forge/linux-64/libgcc-16.2.0-ha9f2e26_4.conda
  sha256: 24090e675d34403b4ee1cd4372d8f6c0937da7ecfd66a19a57cac2ed0f4ea793
  md5: cba14d01083fc62ffd32c24d7d390633
  depends:
  - __glibc >=2.17,<3.0.a0
  - _openmp_mutex >=4.5
  constrains:
  - libgcc-ng ==16.2.0=*_4
  - libgomp 16.2.0 he0feb66_4
  license: GPL-3.0-only WITH GCC-exception-3.1
  license_family: GPL
  size: 1058083
  timestamp: 1787618680111
- conda: https://conda.anaconda.org/conda-forge/linux-aarch64/libgcc-16.2.0-h205dda4_4.conda
  sha256: a132d78d49d0fa0a08e9e2a77528a12d974e8e123bc32895c0bd0a737b8abd89
  md5: 2c81f8ce7bda35c7a88c4c044452a97c
  depends:
  - _openmp_mutex >=4.5
  constrains:
  - libgcc-ng ==16.2.0=*_4
  - libgomp 16.2.0 h8acb6b2_4
  license: GPL-3.0-only WITH GCC-exception-3.1
  license_family: GPL
  size: 627810
  timestamp: 1787617756679
- conda: https://conda.anaconda.org/conda-forge/linux-64/libgomp-16.2.0-he0feb66_4.conda
  sha256: 0fe5cb8e0752241ab55e11656ed1b9726248b522d23b929fe7c95b83eb55b9bb
  md5: 89d2c1231f47bd818f5d624b9411459d
  depends:
  - __glibc >=2.17,<3.0.a0
  license: GPL-3.0-only WITH GCC-exception-3.1
  license_family: GPL
  size: 639968
  timestamp: 1787618616266
- conda: https://conda.anaconda.org/conda-forge/linux-aarch64/libgomp-16.2.0-h8acb6b2_4.conda
  sha256: 6d216e6dc9a158b920f6e0c1dfdd6d77575bf79420dadf85d64576298ecb4503
  md5: 727c19b26cd43140e4a90a6f8f1cc31a
  license: GPL-3.0-only WITH GCC-exception-3.1
  license_family: GPL
  size: 617987
  timestamp: 1787617685449
- conda: https://conda.anaconda.org/conda-forge/linux-64/libiconv-1.18-h0cb94f2_3.conda
  sha256: f943117edb9cd4d9c61cc972eee5a34291dc55ea7a6e9e38da104995841cbcb6
  md5: f92233bf33e24a25668bb2119e2c51f9
  depends:
  - __glibc >=2.17,<3.0.a0
  - libgcc >=15
  license: LGPL-2.1-only
  size: 789471
  timestamp: 1787033836207
- conda: https://conda.anaconda.org/conda-forge/linux-aarch64/libiconv-1.18-h1ea5142_3.conda
  sha256: d22c666eb887afd2119aac2110e23a0e817e9391bda99293421f7c46dab1564c
  md5: 951b54a36388613a99820b33b997f690
  depends:
  - libgcc >=15
  license: LGPL-2.1-only
  size: 785924
  timestamp: 1787033793216
- conda: https://conda.anaconda.org/conda-forge/osx-64/libiconv-1.18-h4ae439b_3.conda
  sha256: 2389e03a58ed0f5e8f2469eb4d4ba80d0af378b38854ae5eee65e5b641244082
  md5: 9fd2f77288f43e462ccc6b0e5f018c89
  depends:
  - __osx >=11.0
  license: LGPL-2.1-only
  size: 736150
  timestamp: 1787034707041
- conda: https://conda.anaconda.org/conda-forge/linux-64/libllvm23-23.1.0-h474f4eb_0.conda
  sha256: 50b31f6c51afe7df0639acf5dde8acf3f4f0dc9f644ab9842b717ae798507d68
  md5: 3b8c8325547a4fd8c51649ef7dfab688
  depends:
  - __glibc >=2.17,<3.0.a0
  - libgcc >=15
  - libstdcxx >=15
  - libxml2
  - libxml2-16 >=2.15.3
  - libzlib >=1.3.2,<2.0a0
  - zstd >=1.5.7,<1.6.0a0
  license: Apache-2.0 WITH LLVM-exception
  license_family: Apache
  size: 45046595
  timestamp: 1787716721647
- conda: https://conda.anaconda.org/conda-forge/linux-aarch64/libllvm23-23.1.0-h680871c_0.conda
  sha256: 0565cf53224b6fde27f6ad63d0386f123ad9f4bce8b72ce3fa37bee597163d82
  md5: 0bf6e3da8a7c36f713a762771f56ab6e
  depends:
  - libgcc >=15
  - libstdcxx >=15
  - libxml2
  - libxml2-16 >=2.15.3
  - libzlib >=1.3.2,<2.0a0
  - zstd >=1.5.7,<1.6.0a0
  license: Apache-2.0 WITH LLVM-exception
  license_family: Apache
  size: 45791133
  timestamp: 1787712716833
- conda: https://conda.anaconda.org/conda-forge/osx-64/libllvm23-23.1.0-hd11396f_0.conda
  sha256: 381f2746db9673fc47ee163af3bdb19f6f98e776e54aa5ecfd200b637228fcb9
  md5: 163a2d14cbba66cb9bc9c4166da49471
  depends:
  - __osx >=11.0
  - libcxx >=21
  - libxml2
  - libxml2-16 >=2.15.3
  - libzlib >=1.3.2,<2.0a0
  - zstd >=1.5.7,<1.6.0a0
  license: Apache-2.0 WITH LLVM-exception
  license_family: Apache
  size: 33389219
  timestamp: 1787715354323
- conda: https://conda.anaconda.org/conda-forge/linux-64/liblzma-5.8.3-hb03c661_1.conda
  sha256: 9787df8c22a59c9a70d3e5a10db9ad663485e75e9ccc3f09bd092cb7b95e0dab
  md5: 1390b7c5ac0b1d8e447bc5efa6d3c8c2
  depends:
  - __glibc >=2.17,<3.0.a0
  - libgcc >=14
  constrains:
  - xz 5.8.3.*
  license: 0BSD
  size: 112995
  timestamp: 1786348617826
- conda: https://conda.anaconda.org/conda-forge/linux-aarch64/liblzma-5.8.3-he30d5cf_1.conda
  sha256: f760669fd1cea27f689f411c0d5488e26ce50e382c9b63e4ad348f959850124a
  md5: e0e6411a60d00186eec7c73f4118ab67
  depends:
  - libgcc >=14
  constrains:
  - xz 5.8.3.*
  license: 0BSD
  size: 125578
  timestamp: 1786348561649
- conda: https://conda.anaconda.org/conda-forge/osx-64/liblzma-5.8.3-hbb4bfdb_1.conda
  sha256: 7915dac7c71c208e40e716e2f6d3eff41a8d5584e0e7c2d46f9bf9bd5f9aa739
  md5: daf49067580fbfeae3ac7f9535400494
  depends:
  - __osx >=11.0
  constrains:
  - xz 5.8.3.*
  license: 0BSD
  size: 104919
  timestamp: 1786349094608
- conda: https://conda.anaconda.org/conda-forge/linux-64/libstdcxx-16.2.0-h934c35e_4.conda
  sha256: 40b792b0186c1e8859280a1f6f19a54fc50a11b32724fc7b637009c1a9bd302b
  md5: 2f2ef0d96de5bdd8c1270ff22fdf9352
  depends:
  - __glibc >=2.17,<3.0.a0
  - libgcc 16.2.0 ha9f2e26_4
  constrains:
  - libstdcxx-ng ==16.2.0=*_4
  license: GPL-3.0-only WITH GCC-exception-3.1
  license_family: GPL
  size: 6613148
  timestamp: 1787618704262
- conda: https://conda.anaconda.org/conda-forge/linux-aarch64/libstdcxx-16.2.0-hef695bb_4.conda
  sha256: 84d2b667bce6549325243235952110b1849ff2dfd7091a1479108930b88057d5
  md5: 47b6b37e291c14f39bd95f9d340c45f5
  depends:
  - libgcc 16.2.0 h205dda4_4
  constrains:
  - libstdcxx-ng ==16.2.0=*_4
  license: GPL-3.0-only WITH GCC-exception-3.1
  license_family: GPL
  size: 6241792
  timestamp: 1787617775395
- conda: https://conda.anaconda.org/conda-forge/linux-64/libuv-1.52.1-h280c20c_1.conda
  sha256: 67761d0206f84140047a367eaf9befe03a7e157a29ee25aee0047b40801cc6b6
  md5: 01c4ed87826af55996768af6dbc936b4
  depends:
  - libgcc >=14
  - __glibc >=2.17,<3.0.a0
  license: MIT
  license_family: MIT
  size: 420040
  timestamp: 1785914567661
- conda: https://conda.anaconda.org/conda-forge/linux-aarch64/libuv-1.52.1-h80f16a2_1.conda
  sha256: 52f4bc6e340bde53bfe38e45f6cb1080a2d5f8891da9a647087f7cc6a6edfc22
  md5: 8e2136432f02841b9d8b848045f66d7d
  depends:
  - libgcc >=14
  license: MIT
  license_family: MIT
  size: 457209
  timestamp: 1785914582944
- conda: https://conda.anaconda.org/conda-forge/osx-64/libuv-1.52.1-ha3d0635_1.conda
  sha256: 4aacf651487bf2cd4dcfab49ea98a00a34305919ff3a09b66b7ddaa97d8b316f
  md5: 17b0d6c818992264752f1a720be711fc
  depends:
  - __osx >=11.0
  license: MIT
  license_family: MIT
  size: 128560
  timestamp: 1785914631885
- conda: https://conda.anaconda.org/conda-forge/linux-64/libxml2-2.15.3-h49c6c72_1.conda
  sha256: a16a576a5844a3a0e1cdfc5e162b9fe9c64dccf6a93f44c293bb42851aebe2b4
  md5: 2d34cdb31014cbc8f1e9384c89ede0a5
  depends:
  - __glibc >=2.17,<3.0.a0
  - icu >=78.3,<79.0a0
  - libgcc >=14
  - libiconv >=1.18,<2.0a0
  - liblzma >=5.8.3,<6.0a0
  - libxml2-16 2.15.3 hca6bf5a_1
  - libzlib >=1.3.2,<2.0a0
  license: MIT
  license_family: MIT
  size: 46203
  timestamp: 1787237584107
- conda: https://conda.anaconda.org/conda-forge/linux-aarch64/libxml2-2.15.3-h869d058_1.conda
  sha256: 8d6c8037f5e0b6cb474f98f876c027b4c3c08a002d2639896a2775acb893f729
  md5: da311b13a2af5209b926397cd426f27d
  depends:
  - icu >=78.3,<79.0a0
  - libgcc >=14
  - libiconv >=1.18,<2.0a0
  - liblzma >=5.8.3,<6.0a0
  - libxml2-16 2.15.3 h79dcc73_1
  - libzlib >=1.3.2,<2.0a0
  license: MIT
  license_family: MIT
  size: 48679
  timestamp: 1787237549589
- conda: https://conda.anaconda.org/conda-forge/osx-64/libxml2-2.15.3-h953d39d_1.conda
  sha256: 86b163d690ddba6a2c7e74a0dc520da4715f638e3f51770070ec784a813d7145
  md5: 76a9680db40bf124688951cf08d82105
  depends:
  - __osx >=11.0
  - icu >=78.3,<79.0a0
  - libiconv >=1.18,<2.0a0
  - liblzma >=5.8.3,<6.0a0
  - libxml2-16 2.15.3 h7a90416_1
  - libzlib >=1.3.2,<2.0a0
  license: MIT
  license_family: MIT
  size: 41009
  timestamp: 1787238261426
- conda: https://conda.anaconda.org/conda-forge/linux-64/libxml2-16-2.15.3-hca6bf5a_1.conda
  sha256: 087d4de023f22d6a28b9e1b818961dd41e9bda6e9793590600ff16ca150bf9cb
  md5: 20e4d67ec908f0405124f11612c48305
  depends:
  - __glibc >=2.17,<3.0.a0
  - icu >=78.3,<79.0a0
  - libgcc >=14
  - libiconv >=1.18,<2.0a0
  - liblzma >=5.8.3,<6.0a0
  - libzlib >=1.3.2,<2.0a0
  constrains:
  - libxml2 2.15.3
  license: MIT
  license_family: MIT
  size: 559721
  timestamp: 1787237579170
- conda: https://conda.anaconda.org/conda-forge/linux-aarch64/libxml2-16-2.15.3-h79dcc73_1.conda
  sha256: ddc4e8200b34b6d308f7f7060b326086085ddbc6c003ab8539dd48b3917b1f18
  md5: 0678aa203ef38d165a611bd81d5ca8f2
  depends:
  - icu >=78.3,<79.0a0
  - libgcc >=14
  - libiconv >=1.18,<2.0a0
  - liblzma >=5.8.3,<6.0a0
  - libzlib >=1.3.2,<2.0a0
  constrains:
  - libxml2 2.15.3
  license: MIT
  license_family: MIT
  size: 605581
  timestamp: 1787237544809
- conda: https://conda.anaconda.org/conda-forge/osx-64/libxml2-16-2.15.3-h7a90416_1.conda
  sha256: 55b340cca3892dc95bf0944036a426e357ae72c3555d75f51487560722e64c0e
  md5: 0514c28a6085f32e7b4ef43f9398a447
  depends:
  - __osx >=11.0
  - icu >=78.3,<79.0a0
  - libiconv >=1.18,<2.0a0
  - liblzma >=5.8.3,<6.0a0
  - libzlib >=1.3.2,<2.0a0
  constrains:
  - libxml2 2.15.3
  license: MIT
  license_family: MIT
  size: 495834
  timestamp: 1787238241257
- conda: https://conda.anaconda.org/conda-forge/linux-64/libzlib-1.3.2-h25fd6f3_3.conda
  sha256: eb8a0db0aa570124f7d2a93d7c7f596e3390df5e047818d873baad32985fc736
  md5: 0de0122d9570a8ab637c6b73db268389
  depends:
  - __glibc >=2.17,<3.0.a0
  constrains:
  - zlib 1.3.2 *_3
  license: Zlib
  license_family: Other
  size: 63713
  timestamp: 1785362952714
- conda: https://conda.anaconda.org/conda-forge/linux-aarch64/libzlib-1.3.2-hdc9db2a_3.conda
  sha256: 76efa6cc9d7e6f5ee3bbca0939f64054af2bdfb3c3632531f8e633cf6c2ea41e
  md5: bd534c2fbe56d8c2ea3b2d8f5e12bca8
  constrains:
  - zlib 1.3.2 *_3
  license: Zlib
  license_family: Other
  size: 70108
  timestamp: 1785276540870
- conda: https://conda.anaconda.org/conda-forge/osx-64/libzlib-1.3.2-hbb4bfdb_3.conda
  sha256: b2dba286dd6632292b12296e761193b5ef9fb0eaeecaa481f5ba9af72c0c18e1
  md5: 7d3fa28263bb7f8ea32db11f570a5bb6
  depends:
  - __osx >=11.0
  constrains:
  - zlib 1.3.2 *_3
  license: Zlib
  license_family: Other
  size: 58993
  timestamp: 1785276808631
- conda: https://conda.anaconda.org/conda-forge/linux-64/nodejs-22.23.2-h273caaf_0.conda
  sha256: 3bbfd6f93d029df231782f5ddfec59d7d013331d41b66108860affa6d97fb992
  md5: 6ec38173d646f6437704816eb9423836
  depends:
  - __glibc >=2.28,<3.0.a0
  - libgcc >=14
  - libstdcxx >=14
  - libuv >=1.52.1,<2.0a0
  - icu >=78.3,<79.0a0
  - libzlib >=1.3.2,<2.0a0
  - openssl >=3.5.7,<4.0a0
  license: MIT
  license_family: MIT
  size: 24147385
  timestamp: 1785913890438
- conda: https://conda.anaconda.org/conda-forge/linux-aarch64/nodejs-22.23.2-h908ce8d_0.conda
  sha256: f9ad5b3e2b73cdc91a6ea16fb82a35ee44b6a3047f8a768e252ebfdcf3521143
  md5: 773ad6e53c7ec0a8e66158d69fa7f9c5
  depends:
  - __glibc >=2.28,<3.0.a0
  - libgcc >=14
  - libstdcxx >=14
  - libzlib >=1.3.2,<2.0a0
  - icu >=78.3,<79.0a0
  - openssl >=3.5.7,<4.0a0
  - libuv >=1.52.1,<2.0a0
  license: MIT
  license_family: MIT
  size: 24961267
  timestamp: 1785913945769
- conda: https://conda.anaconda.org/conda-forge/osx-64/nodejs-22.23.2-hf078ca1_0.conda
  sha256: a95c56358128848f12bb907b4558066fe0a43605b85518b84428a3d697a7d747
  md5: f25db593761bf5efce1083d759f54d27
  depends:
  - libcxx >=19
  - __osx >=12.0
  - icu >=78.3,<79.0a0
  - libuv >=1.52.1,<2.0a0
  - libzlib >=1.3.2,<2.0a0
  - openssl >=3.5.7,<4.0a0
  license: MIT
  license_family: MIT
  size: 17678321
  timestamp: 1785914092003
- conda: https://conda.anaconda.org/conda-forge/linux-64/openssl-3.6.4-h781a0a9_0.conda
  sha256: 4747b2d6a8336f52343bceb8a1ebf41a9e6e665b9d2e3f989972de53a310599e
  md5: 16e3034a330cc625f2c685edec60cf4e
  depends:
  - __glibc >=2.17,<3.0.a0
  - ca-certificates
  - libgcc >=15
  license: Apache-2.0
  license_family: Apache
  size: 3202955
  timestamp: 1787698780103
- conda: https://conda.anaconda.org/conda-forge/linux-aarch64/openssl-3.6.4-he6ad1d5_0.conda
  sha256: a70c05a9baba9b1ce17c7e8b9479029372069b3bf402dbf200bc03696c531bed
  md5: 4aa504e081d16263e90c335df5499b4d
  depends:
  - ca-certificates
  - libgcc >=15
  license: Apache-2.0
  license_family: Apache
  size: 3712923
  timestamp: 1787698545024
- conda: https://conda.anaconda.org/conda-forge/osx-64/openssl-3.6.4-h332eb6d_0.conda
  sha256: 73d648d24f0994fd8641972848d74bd57b8d80888a64600643e3fe88a1b50545
  md5: 7a1b628e987d25df3ac6986d45bb0979
  depends:
  - __osx >=11.0
  - ca-certificates
  license: Apache-2.0
  license_family: Apache
  size: 2780873
  timestamp: 1787700098779
- conda: https://conda.anaconda.org/conda-forge/linux-64/zstd-1.5.7-hb78ec9c_7.conda
  sha256: 47d682b9f6d6ec9eb1a6e6c3e75ea6273e899e78fb7fc59f81d39745009fbc60
  md5: aa459086047c0e5e27023ab19f8cb86a
  depends:
  - __glibc >=2.17,<3.0.a0
  - libzlib >=1.3.2,<2.0a0
  license: BSD-3-Clause
  license_family: BSD
  size: 601301
  timestamp: 1786599621503
- conda: https://conda.anaconda.org/conda-forge/linux-aarch64/zstd-1.5.7-h9d15635_7.conda
  sha256: 427fd14bcb3b8659796fecc682716617409350fb5a98e5b7b47558a10d1a2fc7
  md5: d942e34ac3920ba83f8b2d0169570187
  depends:
  - libzlib >=1.3.2,<2.0a0
  license: BSD-3-Clause
  license_family: BSD
  size: 615477
  timestamp: 1786599613561
- conda: https://conda.anaconda.org/conda-forge/osx-64/zstd-1.5.7-hbc1a06c_7.conda
  sha256: 5277886d9704a624dc9b79ac985861e1e431bdb39a57c082507ab577a138ec6c
  md5: c1d11f04327e40537ffe6cad5b131019
  depends:
  - __osx >=11.0
  - libzlib >=1.3.2,<2.0a0
  license: BSD-3-Clause
  license_family: BSD
  size: 528228
  timestamp: 1786599702092
